
Microsoft Visual Studio Solution File, Format Version 12.00
# Visual Studio 15
VisualStudioVersion = 15.0.27004.2010
MinimumVisualStudioVersion = 10.0.40219.1
Project("{FAE04EC0-301F-11D3-BF4B-00C04F79EFBC}") = "AdventureWorks", "AdventureWorks\AdventureWorks.csproj", "{5211E1D9-84CF-462C-8CD5-699F3B14BFC3}"
EndProject
Global
	GlobalSection(SolutionConfigurationPlatforms) = preSolution
		Debug|Any CPU = Debug|Any CPU
		Release|Any CPU = Release|Any CPU
	EndGlobalSection
	GlobalSection(ProjectConfigurationPlatforms) = postSolution
		{5211E1D9-84CF-462C-8CD5-699F3B14BFC3}.Debug|Any CPU.ActiveCfg = Debug|Any CPU
		{5211E1D9-84CF-462C-8CD5-699F3B14BFC3}.Debug|Any CPU.Build.0 = Debug|Any CPU
		{5211E1D9-84CF-462C-8CD5-699F3B14BFC3}.Release|Any CPU.ActiveCfg = Release|Any CPU
		{5211E1D9-84CF-462C-8CD5-699F3B14BFC3}.Release|Any CPU.Build.0 = Release|Any CPU
	EndGlobalSection
	GlobalSection(SolutionProperties) = preSolution
		HideSolutionNode = FALSE
	EndGlobalSection
	GlobalSection(ExtensibilityGlobals) = postSolution
		SolutionGuid = {A4FAC065-5082-4CBF-B9A1-EEDA8C831371}
	EndGlobalSection
EndGlobal
